// !$*UTF8*$!
{
	archiveVersion = 1;
	classes = {
	};
	objectVersion = 48;
	objects = {

/* Begin PBXBuildFile section */
		426CCF5D55111610F9C2FED5 /* Pods_TapFighter.framework in Frameworks */ = {isa = PBXBuildFile; fileRef = 8F81D203D48738B0ACDD52BD /* Pods_TapFighter.framework */; };
		C8B75C701F86299600F1D53D /* HelperClass.swift in Sources */ = {isa = PBXBuildFile; fileRef = C8B75C6F1F86299600F1D53D /* HelperClass.swift */; };
		C8B75C721F8638DF00F1D53D /* UIBottonRound.swift in Sources */ = {isa = PBXBuildFile; fileRef = C8B75C711F8638DF00F1D53D /* UIBottonRound.swift */; };
		C8B75C741F8653CB00F1D53D /* GameViewController.swift in Sources */ = {isa = PBXBuildFile; fileRef = C8B75C731F8653CB00F1D53D /* GameViewController.swift */; };
		C8B75C761F86848300F1D53D /* FinalViewController.swift in Sources */ = {isa = PBXBuildFile; fileRef = C8B75C751F86848200F1D53D /* FinalViewController.swift */; };
		C8B75C781F86BBFF00F1D53D /* MessageUI.framework in Frameworks */ = {isa = PBXBuildFile; fileRef = C8B75C771F86BBFF00F1D53D /* MessageUI.framework */; };
		C8BCDE191F851465009D215E /* AppDelegate.swift in Sources */ = {isa = PBXBuildFile; fileRef = C8BCDE181F851465009D215E /* AppDelegate.swift */; };
		C8BCDE1B1F851466009D215E /* ViewController.swift in Sources */ = {isa = PBXBuildFile; fileRef = C8BCDE1A1F851466009D215E /* ViewController.swift */; };
		C8BCDE1E1F851466009D215E /* Main.storyboard in Resources */ = {isa = PBXBuildFile; fileRef = C8BCDE1C1F851466009D215E /* Main.storyboard */; };
		C8BCDE201F851467009D215E /* Assets.xcassets in Resources */ = {isa = PBXBuildFile; fileRef = C8BCDE1F1F851467009D215E /* Assets.xcassets */; };
		C8BCDE231F851467009D215E /* LaunchScreen.storyboard in Resources */ = {isa = PBXBuildFile; fileRef = C8BCDE211F851467009D215E /* LaunchScreen.storyboard */; };
/* End PBXBuildFile section */

/* Begin PBXFileReference section */
		8F81D203D48738B0ACDD52BD /* Pods_TapFighter.framework */ = {isa = PBXFileReference; explicitFileType = wrapper.framework; includeInIndex = 0; path = Pods_TapFighter.framework; sourceTree = BUILT_PRODUCTS_DIR; };
		C8B75C6F1F86299600F1D53D /* HelperClass.swift */ = {isa = PBXFileReference; lastKnownFileType = sourcecode.swift; path = HelperClass.swift; sourceTree = "<group>"; };
		C8B75C711F8638DF00F1D53D /* UIBottonRound.swift */ = {isa = PBXFileReference; lastKnownFileType = sourcecode.swift; path = UIBottonRound.swift; sourceTree = "<group>"; };
		C8B75C731F8653CB00F1D53D /* GameViewController.swift */ = {isa = PBXFileReference; lastKnownFileType = sourcecode.swift; path = GameViewController.swift; sourceTree = "<group>"; };
		C8B75C751F86848200F1D53D /* FinalViewController.swift */ = {isa = PBXFileReference; lastKnownFileType = sourcecode.swift; path = FinalViewController.swift; sourceTree = "<group>"; };
		C8B75C771F86BBFF00F1D53D /* MessageUI.framework */ = {isa = PBXFileReference; lastKnownFileType = wrapper.framework; name = MessageUI.framework; path = System/Library/Frameworks/MessageUI.framework; sourceTree = SDKROOT; };
		C8BCDE151F851464009D215E /* TapFighter.app */ = {isa = PBXFileReference; explicitFileType = wrapper.application; includeInIndex = 0; path = TapFighter.app; sourceTree = BUILT_PRODUCTS_DIR; };
		C8BCDE181F851465009D215E /* AppDelegate.swift */ = {isa = PBXFileReference; lastKnownFileType = sourcecode.swift; path = AppDelegate.swift; sourceTree = "<group>"; };
		C8BCDE1A1F851466009D215E /* ViewController.swift */ = {isa = PBXFileReference; lastKnownFileType = sourcecode.swift; path = ViewController.swift; sourceTree = "<group>"; };
		C8BCDE1D1F851466009D215E /* Base */ = {isa = PBXFileReference; lastKnownFileType = file.storyboard; name = Base; path = Base.lproj/Main.storyboard; sourceTree = "<group>"; };
		C8BCDE1F1F851467009D215E /* Assets.xcassets */ = {isa = PBXFileReference; lastKnownFileType = folder.assetcatalog; path = Assets.xcassets; sourceTree = "<group>"; };
		C8BCDE221F851467009D215E /* Base */ = {isa = PBXFileReference; lastKnownFileType = file.storyboard; name = Base; path = Base.lproj/LaunchScreen.storyboard; sourceTree = "<group>"; };
		C8BCDE241F851467009D215E /* Info.plist */ = {isa = PBXFileReference; lastKnownFileType = text.plist.xml; path = Info.plist; sourceTree = "<group>"; };
		EB4FDF20F4BD08DB8149C852 /* Pods-TapFighter.debug.xcconfig */ = {isa = PBXFileReference; includeInIndex = 1; lastKnownFileType = text.xcconfig; name = "Pods-TapFighter.debug.xcconfig"; path = "Pods/Target Support Files/Pods-TapFighter/Pods-TapFighter.debug.xcconfig"; sourceTree = "<group>"; };
		FBA71CA4EEA216B9812D89CD /* Pods-TapFighter.release.xcconfig */ = {isa = PBXFileReference; includeInIndex = 1; lastKnownFileType = text.xcconfig; name = "Pods-TapFighter.release.xcconfig"; path = "Pods/Target Support Files/Pods-TapFighter/Pods-TapFighter.release.xcconfig"; sourceTree = "<group>"; };
/* End PBXFileReference section */

/* Begin PBXFrameworksBuildPhase section */
		C8BCDE121F851462009D215E /* Frameworks */ = {
			isa = PBXFrameworksBuildPhase;
			buildActionMask = 2147483647;
			files = (
				C8B75C781F86BBFF00F1D53D /* MessageUI.framework in Frameworks */,
				426CCF5D55111610F9C2FED5 /* Pods_TapFighter.framework in Frameworks */,
			);
			runOnlyForDeploymentPostprocessing = 0;
		};
/* End PBXFrameworksBuildPhase section */

/* Begin PBXGroup section */
		55EE6A2CD8E9D84EF6FE00F2 /* Frameworks */ = {
			isa = PBXGroup;
			children = (
				C8B75C771F86BBFF00F1D53D /* MessageUI.framework */,
				8F81D203D48738B0ACDD52BD /* Pods_TapFighter.framework */,
			);
			name = Frameworks;
			sourceTree = "<group>";
		};
		BC35C86B3875778FBFD90253 /* Pods */ = {
			isa = PBXGroup;
			children = (
				EB4FDF20F4BD08DB8149C852 /* Pods-TapFighter.debug.xcconfig */,
				FBA71CA4EEA216B9812D89CD /* Pods-TapFighter.release.xcconfig */,
			);
			name = Pods;
			sourceTree = "<group>";
		};
		C8BCDE0C1F85145D009D215E = {
			isa = PBXGroup;
			children = (
				C8BCDE171F851465009D215E /* TapFighter */,
				C8BCDE161F851464009D215E /* Products */,
				BC35C86B3875778FBFD90253 /* Pods */,
				55EE6A2CD8E9D84EF6FE00F2 /* Frameworks */,
			);
			sourceTree = "<group>";
		};
		C8BCDE161F851464009D215E /* Products */ = {
			isa = PBXGroup;
			children = (
				C8BCDE151F851464009D215E /* TapFighter.app */,
			);
			name = Products;
			sourceTree = "<group>";
		};
		C8BCDE171F851465009D215E /* TapFighter */ = {
			isa = PBXGroup;
			children = (
				C8BCDE181F851465009D215E /* AppDelegate.swift */,
				C8BCDE1A1F851466009D215E /* ViewController.swift */,
				C8B75C6F1F86299600F1D53D /* HelperClass.swift */,
				C8BCDE1C1F851466009D215E /* Main.storyboard */,
				C8BCDE1F1F851467009D215E /* Assets.xcassets */,
				C8BCDE211F851467009D215E /* LaunchScreen.storyboard */,
				C8BCDE241F851467009D215E /* Info.plist */,
				C8B75C711F8638DF00F1D53D /* UIBottonRound.swift */,
				C8B75C731F8653CB00F1D53D /* GameViewController.swift */,
				C8B75C751F86848200F1D53D /* FinalViewController.swift */,
			);
			path = TapFighter;
			sourceTree = "<group>";
		};
/* End PBXGroup section */

/* Begin PBXNativeTarget section */
		C8BCDE141F851462009D215E /* TapFighter */ = {
			isa = PBXNativeTarget;
			buildConfigurationList = C8BCDE271F851467009D215E /* Build configuration list for PBXNativeTarget "TapFighter" */;
			buildPhases = (
				91C4F54DAD79A0B2B1BC4AF1 /* [CP] Check Pods Manifest.lock */,
				C8BCDE111F851462009D215E /* Sources */,
				C8BCDE121F851462009D215E /* Frameworks */,
				C8BCDE131F851462009D215E /* Resources */,
				C59537D562A5E4B021AC5470 /* [CP] Embed Pods Frameworks */,
				B57668DD225D46B5BACC0D20 /* [CP] Copy Pods Resources */,
			);
			buildRules = (
			);
			dependencies = (
			);
			name = TapFighter;
			productName = TapFighter;
			productReference = C8BCDE151F851464009D215E /* TapFighter.app */;
			productType = "com.apple.product-type.application";
		};
/* End PBXNativeTarget section */

/* Begin PBXProject section */
		C8BCDE0D1F85145E009D215E /* Project object */ = {
			isa = PBXProject;
			attributes = {
				LastSwiftUpdateCheck = 0900;
				LastUpgradeCheck = 0900;
				ORGANIZATIONNAME = Love2Code;
				TargetAttributes = {
					C8BCDE141F851462009D215E = {
						CreatedOnToolsVersion = 9.0;
						ProvisioningStyle = Manual;
					};
				};
			};
			buildConfigurationList = C8BCDE101F85145F009D215E /* Build configuration list for PBXProject "TapFighter" */;
			compatibilityVersion = "Xcode 8.0";
			developmentRegion = en;
			hasScannedForEncodings = 0;
			knownRegions = (
				en,
				Base,
			);
			mainGroup = C8BCDE0C1F85145D009D215E;
			productRefGroup = C8BCDE161F851464009D215E /* Products */;
			projectDirPath = "";
			projectRoot = "";
			targets = (
				C8BCDE141F851462009D215E /* TapFighter */,
			);
		};
/* End PBXProject section */

/* Begin PBXResourcesBuildPhase section */
		C8BCDE131F851462009D215E /* Resources */ = {
			isa = PBXResourcesBuildPhase;
			buildActionMask = 2147483647;
			files = (
				C8BCDE231F851467009D215E /* LaunchScreen.storyboard in Resources */,
				C8BCDE201F851467009D215E /* Assets.xcassets in Resources */,
				C8BCDE1E1F851466009D215E /* Main.storyboard in Resources */,
			);
			runOnlyForDeploymentPostprocessing = 0;
		};
/* End PBXResourcesBuildPhase section */

/* Begin PBXShellScriptBuildPhase section */
		91C4F54DAD79A0B2B1BC4AF1 /* [CP] Check Pods Manifest.lock */ = {
			isa = PBXShellScriptBuildPhase;
			buildActionMask = 2147483647;
			files = (
			);
			inputPaths = (
			);
			name = "[CP] Check Pods Manifest.lock";
			outputPaths = (
			);
			runOnlyForDeploymentPostprocessing = 0;
			shellPath = /bin/sh;
			shellScript = "diff \"${PODS_ROOT}/../Podfile.lock\" \"${PODS_ROOT}/Manifest.lock\" > /dev/null\nif [ $? != 0 ] ; then\n    # print error to STDERR\n    echo \"error: The sandbox is not in sync with the Podfile.lock. Run 'pod install' or update your CocoaPods installation.\" >&2\n    exit 1\nfi\n";
			showEnvVarsInLog = 0;
		};
		B57668DD225D46B5BACC0D20 /* [CP] Copy Pods Resources */ = {
			isa = PBXShellScriptBuildPhase;
			buildActionMask = 2147483647;
			files = (
			);
			inputPaths = (
			);
			name = "[CP] Copy Pods Resources";
			outputPaths = (
			);
			runOnlyForDeploymentPostprocessing = 0;
			shellPath = /bin/sh;
			shellScript = "\"${SRCROOT}/Pods/Target Support Files/Pods-TapFighter/Pods-TapFighter-resources.sh\"\n";
			showEnvVarsInLog = 0;
		};
		C59537D562A5E4B021AC5470 /* [CP] Embed Pods Frameworks */ = {
			isa = PBXShellScriptBuildPhase;
			buildActionMask = 2147483647;
			files = (
			);
			inputPaths = (
			);
			name = "[CP] Embed Pods Frameworks";
			outputPaths = (
			);
			runOnlyForDeploymentPostprocessing = 0;
			shellPath = /bin/sh;
			shellScript = "\"${SRCROOT}/Pods/Target Support Files/Pods-TapFighter/Pods-TapFighter-frameworks.sh\"\n";
			showEnvVarsInLog = 0;
		};
/* End PBXShellScriptBuildPhase section */

/* Begin PBXSourcesBuildPhase section */
		C8BCDE111F851462009D215E /* Sources */ = {
			isa = PBXSourcesBuildPhase;
			buildActionMask = 2147483647;
			files = (
				C8B75C741F8653CB00F1D53D /* GameViewController.swift in Sources */,
				C8B75C761F86848300F1D53D /* FinalViewController.swift in Sources */,
				C8B75C701F86299600F1D53D /* HelperClass.swift in Sources */,
				C8BCDE1B1F851466009D215E /* ViewController.swift in Sources */,
				C8B75C721F8638DF00F1D53D /* UIBottonRound.swift in Sources */,
				C8BCDE191F851465009D215E /* AppDelegate.swift in Sources */,
			);
			runOnlyForDeploymentPostprocessing = 0;
		};
/* End PBXSourcesBuildPhase section */

/* Begin PBXVariantGroup section */
		C8BCDE1C1F851466009D215E /* Main.storyboard */ = {
			isa = PBXVariantGroup;
			children = (
				C8BCDE1D1F851466009D215E /* Base */,
			);
			name = Main.storyboard;
			sourceTree = "<group>";
		};
		C8BCDE211F851467009D215E /* LaunchScreen.storyboard */ = {
			isa = PBXVariantGroup;
			children = (
				C8BCDE221F851467009D215E /* Base */,
			);
			name = LaunchScreen.storyboard;
			sourceTree = "<group>";
		};
/* End PBXVariantGroup section */

/* Begin XCBuildConfiguration section */
		C8BCDE251F851467009D215E /* Debug */ = {
			isa = XCBuildConfiguration;
			buildSettings = {
				ALWAYS_SEARCH_USER_PATHS = NO;
				CLANG_ANALYZER_NONNULL = YES;
				CLANG_ANALYZER_NUMBER_OBJECT_CONVERSION = YES_AGGRESSIVE;
				CLANG_CXX_LANGUAGE_STANDARD = "gnu++14";
				CLANG_CXX_LIBRARY = "libc++";
				CLANG_ENABLE_MODULES = YES;
				CLANG_ENABLE_OBJC_ARC = YES;
				CLANG_WARN_BLOCK_CAPTURE_AUTORELEASING = YES;
				CLANG_WARN_BOOL_CONVERSION = YES;
				CLANG_WARN_COMMA = YES;
				CLANG_WARN_CONSTANT_CONVERSION = YES;
				CLANG_WARN_DIRECT_OBJC_ISA_USAGE = YES_ERROR;
				CLANG_WARN_DOCUMENTATION_COMMENTS = YES;
				CLANG_WARN_EMPTY_BODY = YES;
				CLANG_WARN_ENUM_CONVERSION = YES;
				CLANG_WARN_INFINITE_RECURSION = YES;
				CLANG_WARN_INT_CONVERSION = YES;
				CLANG_WARN_NON_LITERAL_NULL_CONVERSION = YES;
				CLANG_WARN_OBJC_LITERAL_CONVERSION = YES;
				CLANG_WARN_OBJC_ROOT_CLASS = YES_ERROR;
				CLANG_WARN_RANGE_LOOP_ANALYSIS = YES;
				CLANG_WARN_STRICT_PROTOTYPES = YES;
				CLANG_WARN_SUSPICIOUS_MOVE = YES;
				CLANG_WARN_UNGUARDED_AVAILABILITY = YES_AGGRESSIVE;
				CLANG_WARN_UNREACHABLE_CODE = YES;
				CLANG_WARN__DUPLICATE_METHOD_MATCH = YES;
				CODE_SIGN_IDENTITY = "iPhone Developer";
				COPY_PHASE_STRIP = NO;
				DEBUG_INFORMATION_FORMAT = dwarf;
				ENABLE_STRICT_OBJC_MSGSEND = YES;
				ENABLE_TESTABILITY = YES;
				GCC_C_LANGUAGE_STANDARD = gnu11;
				GCC_DYNAMIC_NO_PIC = NO;
				GCC_NO_COMMON_BLOCKS = YES;
				GCC_OPTIMIZATION_LEVEL = 0;
				GCC_PREPROCESSOR_DEFINITIONS = (
					"DEBUG=1",
					"$(inherited)",
				);
				GCC_WARN_64_TO_32_BIT_CONVERSION = YES;
				GCC_WARN_ABOUT_RETURN_TYPE = YES_ERROR;
				GCC_WARN_UNDECLARED_SELECTOR = YES;
				GCC_WARN_UNINITIALIZED_AUTOS = YES_AGGRESSIVE;
				GCC_WARN_UNUSED_FUNCTION = YES;
				GCC_WARN_UNUSED_VARIABLE = YES;
				IPHONEOS_DEPLOYMENT_TARGET = 11.0;
				MTL_ENABLE_DEBUG_INFO = YES;
				ONLY_ACTIVE_ARCH = YES;
				SDKROOT = iphoneos;
				SWIFT_ACTIVE_COMPILATION_CONDITIONS = DEBUG;
				SWIFT_OPTIMIZATION_LEVEL = "-Onone";
			};
			name = Debug;
		};
		C8BCDE261F851467009D215E /* Release */ = {
			isa = XCBuildConfiguration;
			buildSettings = {
				ALWAYS_SEARCH_USER_PATHS = NO;
				CLANG_ANALYZER_NONNULL = YES;
				CLANG_ANALYZER_NUMBER_OBJECT_CONVERSION = YES_AGGRESSIVE;
				CLANG_CXX_LANGUAGE_STANDARD = "gnu++14";
				CLANG_CXX_LIBRARY = "libc++";
				CLANG_ENABLE_MODULES = YES;
				CLANG_ENABLE_OBJC_ARC = YES;
				CLANG_WARN_BLOCK_CAPTURE_AUTORELEASING = YES;
				CLANG_WARN_BOOL_CONVERSION = YES;
				CLANG_WARN_COMMA = YES;
				CLANG_WARN_CONSTANT_CONVERSION = YES;
				CLANG_WARN_DIRECT_OBJC_ISA_USAGE = YES_ERROR;
				CLANG_WARN_DOCUMENTATION_COMMENTS = YES;
				CLANG_WARN_EMPTY_BODY = YES;
				CLANG_WARN_ENUM_CONVERSION = YES;
				CLANG_WARN_INFINITE_RECURSION = YES;
				CLANG_WARN_INT_CONVERSION = YES;
				CLANG_WARN_NON_LITERAL_NULL_CONVERSION = YES;
				CLANG_WARN_OBJC_LITERAL_CONVERSION = YES;
				CLANG_WARN_OBJC_ROOT_CLASS = YES_ERROR;
				CLANG_WARN_RANGE_LOOP_ANALYSIS = YES;
				CLANG_WARN_STRICT_PROTOTYPES = YES;
				CLANG_WARN_SUSPICIOUS_MOVE = YES;
				CLANG_WARN_UNGUARDED_AVAILABILITY = YES_AGGRESSIVE;
				CLANG_WARN_UNREACHABLE_CODE = YES;
				CLANG_WARN__DUPLICATE_METHOD_MATCH = YES;
				CODE_SIGN_IDENTITY = "iPhone Developer";
				COPY_PHASE_STRIP = NO;
				DEBUG_INFORMATION_FORMAT = "dwarf-with-dsym";
				ENABLE_NS_ASSERTIONS = NO;
				ENABLE_STRICT_OBJC_MSGSEND = YES;
				GCC_C_LANGUAGE_STANDARD = gnu11;
				GCC_NO_COMMON_BLOCKS = YES;
				GCC_WARN_64_TO_32_BIT_CONVERSION = YES;
				GCC_WARN_ABOUT_RETURN_TYPE = YES_ERROR;
				GCC_WARN_UNDECLARED_SELECTOR = YES;
				GCC_WARN_UNINITIALIZED_AUTOS = YES_AGGRESSIVE;
				GCC_WARN_UNUSED_FUNCTION = YES;
				GCC_WARN_UNUSED_VARIABLE = YES;
				IPHONEOS_DEPLOYMENT_TARGET = 11.0;
				MTL_ENABLE_DEBUG_INFO = NO;
				SDKROOT = iphoneos;
				SWIFT_OPTIMIZATION_LEVEL = "-Owholemodule";
				VALIDATE_PRODUCT = YES;
			};
			name = Release;
		};
		C8BCDE281F851467009D215E /* Debug */ = {
			isa = XCBuildConfiguration;
			baseConfigurationReference = EB4FDF20F4BD08DB8149C852 /* Pods-TapFighter.debug.xcconfig */;
			buildSettings = {
				ASSETCATALOG_COMPILER_APPICON_NAME = AppIcon;
				CODE_SIGN_IDENTITY = "iPhone Developer: Thobio Joseph (ZQFYF3YZGZ)";
				"CODE_SIGN_IDENTITY[sdk=iphoneos*]" = "iPhone Developer: Thobio Joseph (ZQFYF3YZGZ)";
				CODE_SIGN_STYLE = Manual;
				DEVELOPMENT_TEAM = 7YZ84UFMU3;
				INFOPLIST_FILE = TapFighter/Info.plist;
				IPHONEOS_DEPLOYMENT_TARGET = 10.0;
				LD_RUNPATH_SEARCH_PATHS = "$(inherited) @executable_path/Frameworks";
				PRODUCT_BUNDLE_IDENTIFIER = com.love2code.TapFighter;
				PRODUCT_NAME = "$(TARGET_NAME)";
				PROVISIONING_PROFILE = "d8e2df52-4745-4d45-947a-1d7381c6d169";
				PROVISIONING_PROFILE_SPECIFIER = "Tap Fighter";
				SWIFT_VERSION = 4.0;
				TARGETED_DEVICE_FAMILY = 1;
			};
			name = Debug;
		};
		C8BCDE291F851467009D215E /* Release */ = {
			isa = XCBuildConfiguration;
			baseConfigurationReference = FBA71CA4EEA216B9812D89CD /* Pods-TapFighter.release.xcconfig */;
			buildSettings = {
				ASSETCATALOG_COMPILER_APPICON_NAME = AppIcon;
				CODE_SIGN_IDENTITY = "iPhone Distribution: Thobio Joseph (7YZ84UFMU3)";
				"CODE_SIGN_IDENTITY[sdk=iphoneos*]" = "iPhone Distribution: Thobio Joseph (7YZ84UFMU3)";
				CODE_SIGN_STYLE = Manual;
				DEVELOPMENT_TEAM = 7YZ84UFMU3;
				INFOPLIST_FILE = TapFighter/Info.plist;
				IPHONEOS_DEPLOYMENT_TARGET = 10.0;
				LD_RUNPATH_SEARCH_PATHS = "$(inherited) @executable_path/Frameworks";
				PRODUCT_BUNDLE_IDENTIFIER = com.love2code.TapFighter;
				PRODUCT_NAME = "$(TARGET_NAME)";
				PROVISIONING_PROFILE = "3839a414-117d-4f80-b8d8-8fef9e454bf7";
				PROVISIONING_PROFILE_SPECIFIER = TapFighter;
				SWIFT_VERSION = 4.0;
				TARGETED_DEVICE_FAMILY = 1;
			};
			name = Release;
		};
/* End XCBuildConfiguration section */

/* Begin XCConfigurationList section */
		C8BCDE101F85145F009D215E /* Build configuration list for PBXProject "TapFighter" */ = {
			isa = XCConfigurationList;
			buildConfigurations = (
				C8BCDE251F851467009D215E /* Debug */,
				C8BCDE261F851467009D215E /* Release */,
			);
			defaultConfigurationIsVisible = 0;
			defaultConfigurationName = Release;
		};
		C8BCDE271F851467009D215E /* Build configuration list for PBXNativeTarget "TapFighter" */ = {
			isa = XCConfigurationList;
			buildConfigurations = (
				C8BCDE281F851467009D215E /* Debug */,
				C8BCDE291F851467009D215E /* Release */,
			);
			defaultConfigurationIsVisible = 0;
			defaultConfigurationName = Release;
		};
/* End XCConfigurationList section */
	};
	rootObject = C8BCDE0D1F85145E009D215E /* Project object */;
}
